
Microsoft Visual Studio Solution File, Format Version 12.00
# Visual Studio Version 16
VisualStudioVersion = 16.0.31911.196
MinimumVisualStudioVersion = 10.0.40219.1
Project("{8BC9CEB8-8B4A-11D0-8D11-00A0C91BC942}") = "B.4.1.1 Hello world", "B.4.1.1 Hello world\B.4.1.1 Hello world.vcxproj", "{8F17F87A-F05D-4DFD-BDC2-AC037874A3D4}"
EndProject
Project("{8BC9CEB8-8B4A-11D0-8D11-00A0C91BC942}") = "B.4.2.1 Gebrauch verschiedener Operatoren", "B.4.2.1 Gebrauch verschiedener Operatoren\B.4.2.1 Gebrauch verschiedener Operatoren.vcxproj", "{F632CCED-570C-4035-8424-DF9675129648}"
EndProject
Project("{8BC9CEB8-8B4A-11D0-8D11-00A0C91BC942}") = "B.4.1.2_Kaffeeautomat_Teil_1", "B.4.1.2_Kaffeeautomat_Teil_1\B.4.1.2_Kaffeeautomat_Teil_1.vcxproj", "{286E0D35-CC7C-4D8B-86AB-DA3A42852628}"
EndProject
Project("{8BC9CEB8-8B4A-11D0-8D11-00A0C91BC942}") = "B.4.1.5_Variablennamen", "B.4.1.5_Variablennamen\B.4.1.5_Variablennamen.vcxproj", "{F470610C-DAFE-4BA0-9923-E2AD8FE7A4E0}"
EndProject
Project("{8BC9CEB8-8B4A-11D0-8D11-00A0C91BC942}") = "B.4.1.7_Standardeingabe", "B.4.1.7_Standardeingabe\B.4.1.7_Standardeingabe.vcxproj", "{AE516569-2035-4CEF-9EDC-B6DD4F5E11F5}"
EndProject
Project("{8BC9CEB8-8B4A-11D0-8D11-00A0C91BC942}") = "B.4.1.8_Typenumwandlung", "B.4.1.8_Typenumwandlung\B.4.1.8_Typenumwandlung.vcxproj", "{0E59C662-B5F8-441C-A073-99762DF23CCF}"
EndProject
Project("{8BC9CEB8-8B4A-11D0-8D11-00A0C91BC942}") = "B.4.2.1_Gebrauch_verschiedener_Operatoren", "B.4.2.1_Gebrauch_verschiedener_Operatoren\B.4.2.1_Gebrauch_verschiedener_Operatoren.vcxproj", "{789DBCD9-B98C-495B-AB70-F7CCD2E730FC}"
EndProject
Global
	GlobalSection(SolutionConfigurationPlatforms) = preSolution
		Debug|x64 = Debug|x64
		Debug|x86 = Debug|x86
		Release|x64 = Release|x64
		Release|x86 = Release|x86
	EndGlobalSection
	GlobalSection(ProjectConfigurationPlatforms) = postSolution
		{8F17F87A-F05D-4DFD-BDC2-AC037874A3D4}.Debug|x64.ActiveCfg = Debug|x64
		{8F17F87A-F05D-4DFD-BDC2-AC037874A3D4}.Debug|x64.Build.0 = Debug|x64
		{8F17F87A-F05D-4DFD-BDC2-AC037874A3D4}.Debug|x86.ActiveCfg = Debug|Win32
		{8F17F87A-F05D-4DFD-BDC2-AC037874A3D4}.Debug|x86.Build.0 = Debug|Win32
		{8F17F87A-F05D-4DFD-BDC2-AC037874A3D4}.Release|x64.ActiveCfg = Release|x64
		{8F17F87A-F05D-4DFD-BDC2-AC037874A3D4}.Release|x64.Build.0 = Release|x64
		{8F17F87A-F05D-4DFD-BDC2-AC037874A3D4}.Release|x86.ActiveCfg = Release|Win32
		{8F17F87A-F05D-4DFD-BDC2-AC037874A3D4}.Release|x86.Build.0 = Release|Win32
		{F632CCED-570C-4035-8424-DF9675129648}.Debug|x64.ActiveCfg = Debug|x64
		{F632CCED-570C-4035-8424-DF9675129648}.Debug|x64.Build.0 = Debug|x64
		{F632CCED-570C-4035-8424-DF9675129648}.Debug|x86.ActiveCfg = Debug|Win32
		{F632CCED-570C-4035-8424-DF9675129648}.Debug|x86.Build.0 = Debug|Win32
		{F632CCED-570C-4035-8424-DF9675129648}.Release|x64.ActiveCfg = Release|x64
		{F632CCED-570C-4035-8424-DF9675129648}.Release|x64.Build.0 = Release|x64
		{F632CCED-570C-4035-8424-DF9675129648}.Release|x86.ActiveCfg = Release|Win32
		{F632CCED-570C-4035-8424-DF9675129648}.Release|x86.Build.0 = Release|Win32
		{286E0D35-CC7C-4D8B-86AB-DA3A42852628}.Debug|x64.ActiveCfg = Debug|x64
		{286E0D35-CC7C-4D8B-86AB-DA3A42852628}.Debug|x64.Build.0 = Debug|x64
		{286E0D35-CC7C-4D8B-86AB-DA3A42852628}.Debug|x86.ActiveCfg = Debug|Win32
		{286E0D35-CC7C-4D8B-86AB-DA3A42852628}.Debug|x86.Build.0 = Debug|Win32
		{286E0D35-CC7C-4D8B-86AB-DA3A42852628}.Release|x64.ActiveCfg = Release|x64
		{286E0D35-CC7C-4D8B-86AB-DA3A42852628}.Release|x64.Build.0 = Release|x64
		{286E0D35-CC7C-4D8B-86AB-DA3A42852628}.Release|x86.ActiveCfg = Release|Win32
		{286E0D35-CC7C-4D8B-86AB-DA3A42852628}.Release|x86.Build.0 = Release|Win32
		{F470610C-DAFE-4BA0-9923-E2AD8FE7A4E0}.Debug|x64.ActiveCfg = Debug|x64
		{F470610C-DAFE-4BA0-9923-E2AD8FE7A4E0}.Debug|x64.Build.0 = Debug|x64
		{F470610C-DAFE-4BA0-9923-E2AD8FE7A4E0}.Debug|x86.ActiveCfg = Debug|Win32
		{F470610C-DAFE-4BA0-9923-E2AD8FE7A4E0}.Debug|x86.Build.0 = Debug|Win32
		{F470610C-DAFE-4BA0-9923-E2AD8FE7A4E0}.Release|x64.ActiveCfg = Release|x64
		{F470610C-DAFE-4BA0-9923-E2AD8FE7A4E0}.Release|x64.Build.0 = Release|x64
		{F470610C-DAFE-4BA0-9923-E2AD8FE7A4E0}.Release|x86.ActiveCfg = Release|Win32
		{F470610C-DAFE-4BA0-9923-E2AD8FE7A4E0}.Release|x86.Build.0 = Release|Win32
		{AE516569-2035-4CEF-9EDC-B6DD4F5E11F5}.Debug|x64.ActiveCfg = Debug|x64
		{AE516569-2035-4CEF-9EDC-B6DD4F5E11F5}.Debug|x64.Build.0 = Debug|x64
		{AE516569-2035-4CEF-9EDC-B6DD4F5E11F5}.Debug|x86.ActiveCfg = Debug|Win32
		{AE516569-2035-4CEF-9EDC-B6DD4F5E11F5}.Debug|x86.Build.0 = Debug|Win32
		{AE516569-2035-4CEF-9EDC-B6DD4F5E11F5}.Release|x64.ActiveCfg = Release|x64
		{AE516569-2035-4CEF-9EDC-B6DD4F5E11F5}.Release|x64.Build.0 = Release|x64
		{AE516569-2035-4CEF-9EDC-B6DD4F5E11F5}.Release|x86.ActiveCfg = Release|Win32
		{AE516569-2035-4CEF-9EDC-B6DD4F5E11F5}.Release|x86.Build.0 = Release|Win32
		{0E59C662-B5F8-441C-A073-99762DF23CCF}.Debug|x64.ActiveCfg = Debug|x64
		{0E59C662-B5F8-441C-A073-99762DF23CCF}.Debug|x64.Build.0 = Debug|x64
		{0E59C662-B5F8-441C-A073-99762DF23CCF}.Debug|x86.ActiveCfg = Debug|Win32
		{0E59C662-B5F8-441C-A073-99762DF23CCF}.Debug|x86.Build.0 = Debug|Win32
		{0E59C662-B5F8-441C-A073-99762DF23CCF}.Release|x64.ActiveCfg = Release|x64
		{0E59C662-B5F8-441C-A073-99762DF23CCF}.Release|x64.Build.0 = Release|x64
		{0E59C662-B5F8-441C-A073-99762DF23CCF}.Release|x86.ActiveCfg = Release|Win32
		{0E59C662-B5F8-441C-A073-99762DF23CCF}.Release|x86.Build.0 = Release|Win32
		{789DBCD9-B98C-495B-AB70-F7CCD2E730FC}.Debug|x64.ActiveCfg = Debug|x64
		{789DBCD9-B98C-495B-AB70-F7CCD2E730FC}.Debug|x64.Build.0 = Debug|x64
		{789DBCD9-B98C-495B-AB70-F7CCD2E730FC}.Debug|x86.ActiveCfg = Debug|Win32
		{789DBCD9-B98C-495B-AB70-F7CCD2E730FC}.Debug|x86.Build.0 = Debug|Win32
		{789DBCD9-B98C-495B-AB70-F7CCD2E730FC}.Release|x64.ActiveCfg = Release|x64
		{789DBCD9-B98C-495B-AB70-F7CCD2E730FC}.Release|x64.Build.0 = Release|x64
		{789DBCD9-B98C-495B-AB70-F7CCD2E730FC}.Release|x86.ActiveCfg = Release|Win32
		{789DBCD9-B98C-495B-AB70-F7CCD2E730FC}.Release|x86.Build.0 = Release|Win32
	EndGlobalSection
	GlobalSection(SolutionProperties) = preSolution
		HideSolutionNode = FALSE
	EndGlobalSection
	GlobalSection(ExtensibilityGlobals) = postSolution
		SolutionGuid = {6381A8F8-E851-40EB-A544-683F31298FE7}
	EndGlobalSection
EndGlobal
